
Microsoft Visual Studio Solution File, Format Version 12.00
# Visual Studio Version 16
VisualStudioVersion = 16.0.29102.190
MinimumVisualStudioVersion = 10.0.40219.1
Project("{FAE04EC0-301F-11D3-BF4B-00C04F79EFBC}") = "Identity_example", "Identity_example\Identity_example.csproj", "{4C7094C1-1E1E-4A71-B541-95A63145713B}"
EndProject
Global
	GlobalSection(SolutionConfigurationPlatforms) = preSolution
		Debug|Any CPU = Debug|Any CPU
		Release|Any CPU = Release|Any CPU
	EndGlobalSection
	GlobalSection(ProjectConfigurationPlatforms) = postSolution
		{4C7094C1-1E1E-4A71-B541-95A63145713B}.Debug|Any CPU.ActiveCfg = Debug|Any CPU
		{4C7094C1-1E1E-4A71-B541-95A63145713B}.Debug|Any CPU.Build.0 = Debug|Any CPU
		{4C7094C1-1E1E-4A71-B541-95A63145713B}.Release|Any CPU.ActiveCfg = Release|Any CPU
		{4C7094C1-1E1E-4A71-B541-95A63145713B}.Release|Any CPU.Build.0 = Release|Any CPU
	EndGlobalSection
	GlobalSection(SolutionProperties) = preSolution
		HideSolutionNode = FALSE
	EndGlobalSection
	GlobalSection(ExtensibilityGlobals) = postSolution
		SolutionGuid = {8F13684E-535A-4DF8-9A1D-7BB0D77E8281}
	EndGlobalSection
EndGlobal
